
Microsoft Visual Studio Solution File, Format Version 12.00
# Visual Studio Version 17
VisualStudioVersion = 17.11.35303.130
MinimumVisualStudioVersion = 10.0.40219.1
Project("{FAE04EC0-301F-11D3-BF4B-00C04F79EFBC}") = "ClassBookingRoom_BusinessObject", "ClassBookingRoom_BusinessObject\ClassBookingRoom_BusinessObject.csproj", "{AF391658-2A6C-44EC-AB38-2BDA916E268A}"
EndProject
Project("{FAE04EC0-301F-11D3-BF4B-00C04F79EFBC}") = "ClassBookingRoom_Repository", "ClassBookingRoom_Repository\ClassBookingRoom_Repository.csproj", "{EEAADDE5-0C68-455A-A02C-4CC6F9019211}"
EndProject
Project("{FAE04EC0-301F-11D3-BF4B-00C04F79EFBC}") = "ClassBookingRoom_Service", "ClassBookingRoom_Service\ClassBookingRoom_Service.csproj", "{98D15218-0C4C-40A6-9C43-0058D8EE1B23}"
EndProject
Project("{FAE04EC0-301F-11D3-BF4B-00C04F79EFBC}") = "ClassBookingRoom_API", "ClassBookingRoom_API\ClassBookingRoom_API.csproj", "{C9E07D62-D163-48C0-8083-CE7275A02D19}"
EndProject
Global
	GlobalSection(SolutionConfigurationPlatforms) = preSolution
		Debug|Any CPU = Debug|Any CPU
		Release|Any CPU = Release|Any CPU
	EndGlobalSection
	GlobalSection(ProjectConfigurationPlatforms) = postSolution
		{AF391658-2A6C-44EC-AB38-2BDA916E268A}.Debug|Any CPU.ActiveCfg = Debug|Any CPU
		{AF391658-2A6C-44EC-AB38-2BDA916E268A}.Debug|Any CPU.Build.0 = Debug|Any CPU
		{AF391658-2A6C-44EC-AB38-2BDA916E268A}.Release|Any CPU.ActiveCfg = Release|Any CPU
		{AF391658-2A6C-44EC-AB38-2BDA916E268A}.Release|Any CPU.Build.0 = Release|Any CPU
		{EEAADDE5-0C68-455A-A02C-4CC6F9019211}.Debug|Any CPU.ActiveCfg = Debug|Any CPU
		{EEAADDE5-0C68-455A-A02C-4CC6F9019211}.Debug|Any CPU.Build.0 = Debug|Any CPU
		{EEAADDE5-0C68-455A-A02C-4CC6F9019211}.Release|Any CPU.ActiveCfg = Release|Any CPU
		{EEAADDE5-0C68-455A-A02C-4CC6F9019211}.Release|Any CPU.Build.0 = Release|Any CPU
		{98D15218-0C4C-40A6-9C43-0058D8EE1B23}.Debug|Any CPU.ActiveCfg = Debug|Any CPU
		{98D15218-0C4C-40A6-9C43-0058D8EE1B23}.Debug|Any CPU.Build.0 = Debug|Any CPU
		{98D15218-0C4C-40A6-9C43-0058D8EE1B23}.Release|Any CPU.ActiveCfg = Release|Any CPU
		{98D15218-0C4C-40A6-9C43-0058D8EE1B23}.Release|Any CPU.Build.0 = Release|Any CPU
		{C9E07D62-D163-48C0-8083-CE7275A02D19}.Debug|Any CPU.ActiveCfg = Debug|Any CPU
		{C9E07D62-D163-48C0-8083-CE7275A02D19}.Debug|Any CPU.Build.0 = Debug|Any CPU
		{C9E07D62-D163-48C0-8083-CE7275A02D19}.Release|Any CPU.ActiveCfg = Release|Any CPU
		{C9E07D62-D163-48C0-8083-CE7275A02D19}.Release|Any CPU.Build.0 = Release|Any CPU
	EndGlobalSection
	GlobalSection(SolutionProperties) = preSolution
		HideSolutionNode = FALSE
	EndGlobalSection
	GlobalSection(ExtensibilityGlobals) = postSolution
		SolutionGuid = {FDB28098-F777-4806-897C-350DDFCFDA99}
	EndGlobalSection
EndGlobal
